{
    "name": "svg.moe",
    "lockfileVersion": 2,
    "requires": true,
    "packages": {
        "": {
            "dependencies": {
                "cookie": "0.6.0",
                "dotenv": "latest",
                "mime-types": "2.1.35",
                "simple-landscape": "1.0.0"
            }
        },
        "node_modules/cookie": {
            "version": "0.6.0",
            "resolved": "https://registry.npmjs.org/cookie/-/cookie-0.6.0.tgz",
            "integrity": "sha512-U71cyTamuh1CRNCfpGY6to28lxvNwPG4Guz/EVjgf3Jmzv0vlDp1atT9eS5dDjMYHucpHbWns6Lwf3BKz6svdw==",
            "engines": {
                "node": ">= 0.6"
            }
        },
        "node_modules/dotenv": {
            "version": "16.4.5",
            "resolved": "https://registry.npmjs.org/dotenv/-/dotenv-16.4.5.tgz",
            "integrity": "sha512-ZmdL2rui+eB2YwhsWzjInR8LldtZHGDoQ1ugH85ppHKwpUHL7j7rN0Ti9NCnGiQbhaZ11FpR+7ao1dNsmduNUg==",
            "engines": {
                "node": ">=12"
            },
            "funding": {
                "url": "https://dotenvx.com"
            }
        },
        "node_modules/mime-db": {
            "version": "1.52.0",
            "resolved": "https://registry.npmjs.org/mime-db/-/mime-db-1.52.0.tgz",
            "integrity": "sha512-sPU4uV7dYlvtWJxwwxHD0PuihVNiE7TyAbQ5SWxDCB9mUYvOgroQOwYQQOKPJ8CIbE+1ETVlOoK1UC2nU3gYvg==",
            "engines": {
                "node": ">= 0.6"
            }
        },
        "node_modules/mime-types": {
            "version": "2.1.35",
            "resolved": "https://registry.npmjs.org/mime-types/-/mime-types-2.1.35.tgz",
            "integrity": "sha512-ZDY+bPm5zTTF+YpCrAU9nK0UgICYPT0QtT1NZWFv4s++TNkcgVaT0g6+4R2uI4MjQjzysHB1zxuWL50hzaeXiw==",
            "dependencies": {
                "mime-db": "1.52.0"
            },
            "engines": {
                "node": ">= 0.6"
            }
        },
        "node_modules/simple-landscape": {
            "version": "1.0.0",
            "resolved": "https://registry.npmjs.org/simple-landscape/-/simple-landscape-1.0.0.tgz",
            "integrity": "sha512-4NdzROoaHZubJ515NonbRxqUoMJA0yDmHAZLsBRTyap3NNFUUHugQTKxQlMYQG+nfEkWXLiEO3HSC6eOCGmfeg=="
        }
    },
    "dependencies": {
        "cookie": {
            "version": "0.6.0",
            "resolved": "https://registry.npmjs.org/cookie/-/cookie-0.6.0.tgz",
            "integrity": "sha512-U71cyTamuh1CRNCfpGY6to28lxvNwPG4Guz/EVjgf3Jmzv0vlDp1atT9eS5dDjMYHucpHbWns6Lwf3BKz6svdw=="
        },
        "dotenv": {
            "version": "16.4.5",
            "resolved": "https://registry.npmjs.org/dotenv/-/dotenv-16.4.5.tgz",
            "integrity": "sha512-ZmdL2rui+eB2YwhsWzjInR8LldtZHGDoQ1ugH85ppHKwpUHL7j7rN0Ti9NCnGiQbhaZ11FpR+7ao1dNsmduNUg=="
        },
        "mime-db": {
            "version": "1.52.0",
            "resolved": "https://registry.npmjs.org/mime-db/-/mime-db-1.52.0.tgz",
            "integrity": "sha512-sPU4uV7dYlvtWJxwwxHD0PuihVNiE7TyAbQ5SWxDCB9mUYvOgroQOwYQQOKPJ8CIbE+1ETVlOoK1UC2nU3gYvg=="
        },
        "mime-types": {
            "version": "2.1.35",
            "resolved": "https://registry.npmjs.org/mime-types/-/mime-types-2.1.35.tgz",
            "integrity": "sha512-ZDY+bPm5zTTF+YpCrAU9nK0UgICYPT0QtT1NZWFv4s++TNkcgVaT0g6+4R2uI4MjQjzysHB1zxuWL50hzaeXiw==",
            "requires": {
                "mime-db": "1.52.0"
            }
        },
        "simple-landscape": {
            "version": "1.0.0",
            "resolved": "https://registry.npmjs.org/simple-landscape/-/simple-landscape-1.0.0.tgz",
            "integrity": "sha512-4NdzROoaHZubJ515NonbRxqUoMJA0yDmHAZLsBRTyap3NNFUUHugQTKxQlMYQG+nfEkWXLiEO3HSC6eOCGmfeg=="
        }
    }
}
